// !$*UTF8*$!
{
	archiveVersion = 1;
	classes = {
	};
	objectVersion = 46;
	objects = {

/* Begin PBXBuildFile section */
		CC600CE11D4DEE820058396B /* AppDelegate.swift in Sources */ = {isa = PBXBuildFile; fileRef = CC600CE01D4DEE820058396B /* AppDelegate.swift */; };
		CC600CE31D4DEE830058396B /* ViewController.swift in Sources */ = {isa = PBXBuildFile; fileRef = CC600CE21D4DEE830058396B /* ViewController.swift */; };
		CC600CE51D4DEE830058396B /* Assets.xcassets in Resources */ = {isa = PBXBuildFile; fileRef = CC600CE41D4DEE830058396B /* Assets.xcassets */; };
		CC600CE81D4DEE830058396B /* Main.storyboard in Resources */ = {isa = PBXBuildFile; fileRef = CC600CE61D4DEE830058396B /* Main.storyboard */; };
		CC99A1C31D53B7DD007C9FF1 /* ZipZap.framework in Frameworks */ = {isa = PBXBuildFile; fileRef = CC99A1C21D53B7DD007C9FF1 /* ZipZap.framework */; };
		CC99A1C61D53B9C4007C9FF1 /* ZipZap.framework in CopyFiles */ = {isa = PBXBuildFile; fileRef = CC99A1C21D53B7DD007C9FF1 /* ZipZap.framework */; settings = {ATTRIBUTES = (CodeSignOnCopy, RemoveHeadersOnCopy, ); }; };
/* End PBXBuildFile section */

/* Begin PBXCopyFilesBuildPhase section */
		CC99A1C51D53B9B7007C9FF1 /* CopyFiles */ = {
			isa = PBXCopyFilesBuildPhase;
			buildActionMask = 2147483647;
			dstPath = "";
			dstSubfolderSpec = 10;
			files = (
				CC99A1C61D53B9C4007C9FF1 /* ZipZap.framework in CopyFiles */,
			);
			runOnlyForDeploymentPostprocessing = 0;
		};
/* End PBXCopyFilesBuildPhase section */

/* Begin PBXFileReference section */
		CC600CDD1D4DEE820058396B /* Storyboard Image.app */ = {isa = PBXFileReference; explicitFileType = wrapper.application; includeInIndex = 0; path = "Storyboard Image.app"; sourceTree = BUILT_PRODUCTS_DIR; };
		CC600CE01D4DEE820058396B /* AppDelegate.swift */ = {isa = PBXFileReference; lastKnownFileType = sourcecode.swift; path = AppDelegate.swift; sourceTree = "<group>"; };
		CC600CE21D4DEE830058396B /* ViewController.swift */ = {isa = PBXFileReference; lastKnownFileType = sourcecode.swift; path = ViewController.swift; sourceTree = "<group>"; };
		CC600CE41D4DEE830058396B /* Assets.xcassets */ = {isa = PBXFileReference; lastKnownFileType = folder.assetcatalog; path = Assets.xcassets; sourceTree = "<group>"; };
		CC600CE71D4DEE830058396B /* Base */ = {isa = PBXFileReference; lastKnownFileType = file.storyboard; name = Base; path = Base.lproj/Main.storyboard; sourceTree = "<group>"; };
		CC600CE91D4DEE830058396B /* Info.plist */ = {isa = PBXFileReference; lastKnownFileType = text.plist.xml; path = Info.plist; sourceTree = "<group>"; };
		CC99A1C21D53B7DD007C9FF1 /* ZipZap.framework */ = {isa = PBXFileReference; lastKnownFileType = wrapper.framework; path = ZipZap.framework; sourceTree = SOURCE_ROOT; };
/* End PBXFileReference section */

/* Begin PBXFrameworksBuildPhase section */
		CC600CDA1D4DEE820058396B /* Frameworks */ = {
			isa = PBXFrameworksBuildPhase;
			buildActionMask = 2147483647;
			files = (
				CC99A1C31D53B7DD007C9FF1 /* ZipZap.framework in Frameworks */,
			);
			runOnlyForDeploymentPostprocessing = 0;
		};
/* End PBXFrameworksBuildPhase section */

/* Begin PBXGroup section */
		CC600CD41D4DEE820058396B = {
			isa = PBXGroup;
			children = (
				CC600CDF1D4DEE820058396B /* Swift Storyboard Image */,
				CC600CDE1D4DEE820058396B /* Products */,
			);
			sourceTree = "<group>";
		};
		CC600CDE1D4DEE820058396B /* Products */ = {
			isa = PBXGroup;
			children = (
				CC600CDD1D4DEE820058396B /* Storyboard Image.app */,
			);
			name = Products;
			sourceTree = "<group>";
		};
		CC600CDF1D4DEE820058396B /* Swift Storyboard Image */ = {
			isa = PBXGroup;
			children = (
				CC99A1C21D53B7DD007C9FF1 /* ZipZap.framework */,
				CC600CE01D4DEE820058396B /* AppDelegate.swift */,
				CC600CE21D4DEE830058396B /* ViewController.swift */,
				CC600CE41D4DEE830058396B /* Assets.xcassets */,
				CC600CE61D4DEE830058396B /* Main.storyboard */,
				CC600CE91D4DEE830058396B /* Info.plist */,
			);
			path = "Swift Storyboard Image";
			sourceTree = "<group>";
		};
/* End PBXGroup section */

/* Begin PBXNativeTarget section */
		CC600CDC1D4DEE820058396B /* Storyboard Image */ = {
			isa = PBXNativeTarget;
			buildConfigurationList = CC600CEC1D4DEE830058396B /* Build configuration list for PBXNativeTarget "Storyboard Image" */;
			buildPhases = (
				CC600CD91D4DEE820058396B /* Sources */,
				CC600CDA1D4DEE820058396B /* Frameworks */,
				CC600CDB1D4DEE820058396B /* Resources */,
				CC99A1C51D53B9B7007C9FF1 /* CopyFiles */,
			);
			buildRules = (
			);
			dependencies = (
			);
			name = "Storyboard Image";
			productName = "Swift Storyboard Image";
			productReference = CC600CDD1D4DEE820058396B /* Storyboard Image.app */;
			productType = "com.apple.product-type.application";
		};
/* End PBXNativeTarget section */

/* Begin PBXProject section */
		CC600CD51D4DEE820058396B /* Project object */ = {
			isa = PBXProject;
			attributes = {
				LastSwiftUpdateCheck = 0730;
				LastUpgradeCheck = 0800;
				ORGANIZATIONNAME = "Erich Küster";
				TargetAttributes = {
					CC600CDC1D4DEE820058396B = {
						CreatedOnToolsVersion = 7.3.1;
						LastSwiftMigration = 0800;
					};
				};
			};
			buildConfigurationList = CC600CD81D4DEE820058396B /* Build configuration list for PBXProject "Storyboard Image" */;
			compatibilityVersion = "Xcode 3.2";
			developmentRegion = English;
			hasScannedForEncodings = 0;
			knownRegions = (
				en,
				Base,
			);
			mainGroup = CC600CD41D4DEE820058396B;
			productRefGroup = CC600CDE1D4DEE820058396B /* Products */;
			projectDirPath = "";
			projectRoot = "";
			targets = (
				CC600CDC1D4DEE820058396B /* Storyboard Image */,
			);
		};
/* End PBXProject section */

/* Begin PBXResourcesBuildPhase section */
		CC600CDB1D4DEE820058396B /* Resources */ = {
			isa = PBXResourcesBuildPhase;
			buildActionMask = 2147483647;
			files = (
				CC600CE51D4DEE830058396B /* Assets.xcassets in Resources */,
				CC600CE81D4DEE830058396B /* Main.storyboard in Resources */,
			);
			runOnlyForDeploymentPostprocessing = 0;
		};
/* End PBXResourcesBuildPhase section */

/* Begin PBXSourcesBuildPhase section */
		CC600CD91D4DEE820058396B /* Sources */ = {
			isa = PBXSourcesBuildPhase;
			buildActionMask = 2147483647;
			files = (
				CC600CE31D4DEE830058396B /* ViewController.swift in Sources */,
				CC600CE11D4DEE820058396B /* AppDelegate.swift in Sources */,
			);
			runOnlyForDeploymentPostprocessing = 0;
		};
/* End PBXSourcesBuildPhase section */

/* Begin PBXVariantGroup section */
		CC600CE61D4DEE830058396B /* Main.storyboard */ = {
			isa = PBXVariantGroup;
			children = (
				CC600CE71D4DEE830058396B /* Base */,
			);
			name = Main.storyboard;
			sourceTree = "<group>";
		};
/* End PBXVariantGroup section */

/* Begin XCBuildConfiguration section */
		CC600CEA1D4DEE830058396B /* Debug */ = {
			isa = XCBuildConfiguration;
			buildSettings = {
				ALWAYS_SEARCH_USER_PATHS = NO;
				CLANG_ANALYZER_NONNULL = YES;
				CLANG_CXX_LANGUAGE_STANDARD = "gnu++0x";
				CLANG_CXX_LIBRARY = "libc++";
				CLANG_ENABLE_MODULES = YES;
				CLANG_ENABLE_OBJC_ARC = YES;
				CLANG_WARN_BOOL_CONVERSION = YES;
				CLANG_WARN_CONSTANT_CONVERSION = YES;
				CLANG_WARN_DIRECT_OBJC_ISA_USAGE = YES_ERROR;
				CLANG_WARN_EMPTY_BODY = YES;
				CLANG_WARN_ENUM_CONVERSION = YES;
				CLANG_WARN_INFINITE_RECURSION = YES;
				CLANG_WARN_INT_CONVERSION = YES;
				CLANG_WARN_OBJC_ROOT_CLASS = YES_ERROR;
				CLANG_WARN_SUSPICIOUS_MOVE = YES;
				CLANG_WARN_UNREACHABLE_CODE = YES;
				CLANG_WARN__DUPLICATE_METHOD_MATCH = YES;
				CODE_SIGN_IDENTITY = "-";
				COPY_PHASE_STRIP = NO;
				DEBUG_INFORMATION_FORMAT = dwarf;
				ENABLE_STRICT_OBJC_MSGSEND = YES;
				ENABLE_TESTABILITY = YES;
				GCC_C_LANGUAGE_STANDARD = gnu99;
				GCC_DYNAMIC_NO_PIC = NO;
				GCC_NO_COMMON_BLOCKS = YES;
				GCC_OPTIMIZATION_LEVEL = 0;
				GCC_PREPROCESSOR_DEFINITIONS = (
					"DEBUG=1",
					"$(inherited)",
				);
				GCC_WARN_64_TO_32_BIT_CONVERSION = YES;
				GCC_WARN_ABOUT_RETURN_TYPE = YES_ERROR;
				GCC_WARN_UNDECLARED_SELECTOR = YES;
				GCC_WARN_UNINITIALIZED_AUTOS = YES_AGGRESSIVE;
				GCC_WARN_UNUSED_FUNCTION = YES;
				GCC_WARN_UNUSED_VARIABLE = YES;
				MACOSX_DEPLOYMENT_TARGET = 10.11;
				MTL_ENABLE_DEBUG_INFO = YES;
				ONLY_ACTIVE_ARCH = YES;
				SDKROOT = macosx;
				SWIFT_OPTIMIZATION_LEVEL = "-Onone";
			};
			name = Debug;
		};
		CC600CEB1D4DEE830058396B /* Release */ = {
			isa = XCBuildConfiguration;
			buildSettings = {
				ALWAYS_SEARCH_USER_PATHS = NO;
				CLANG_ANALYZER_NONNULL = YES;
				CLANG_CXX_LANGUAGE_STANDARD = "gnu++0x";
				CLANG_CXX_LIBRARY = "libc++";
				CLANG_ENABLE_MODULES = YES;
				CLANG_ENABLE_OBJC_ARC = YES;
				CLANG_WARN_BOOL_CONVERSION = YES;
				CLANG_WARN_CONSTANT_CONVERSION = YES;
				CLANG_WARN_DIRECT_OBJC_ISA_USAGE = YES_ERROR;
				CLANG_WARN_EMPTY_BODY = YES;
				CLANG_WARN_ENUM_CONVERSION = YES;
				CLANG_WARN_INFINITE_RECURSION = YES;
				CLANG_WARN_INT_CONVERSION = YES;
				CLANG_WARN_OBJC_ROOT_CLASS = YES_ERROR;
				CLANG_WARN_SUSPICIOUS_MOVE = YES;
				CLANG_WARN_UNREACHABLE_CODE = YES;
				CLANG_WARN__DUPLICATE_METHOD_MATCH = YES;
				CODE_SIGN_IDENTITY = "-";
				COPY_PHASE_STRIP = NO;
				DEBUG_INFORMATION_FORMAT = "dwarf-with-dsym";
				ENABLE_NS_ASSERTIONS = NO;
				ENABLE_STRICT_OBJC_MSGSEND = YES;
				GCC_C_LANGUAGE_STANDARD = gnu99;
				GCC_NO_COMMON_BLOCKS = YES;
				GCC_WARN_64_TO_32_BIT_CONVERSION = YES;
				GCC_WARN_ABOUT_RETURN_TYPE = YES_ERROR;
				GCC_WARN_UNDECLARED_SELECTOR = YES;
				GCC_WARN_UNINITIALIZED_AUTOS = YES_AGGRESSIVE;
				GCC_WARN_UNUSED_FUNCTION = YES;
				GCC_WARN_UNUSED_VARIABLE = YES;
				MACOSX_DEPLOYMENT_TARGET = 10.11;
				MTL_ENABLE_DEBUG_INFO = NO;
				SDKROOT = macosx;
				SWIFT_OPTIMIZATION_LEVEL = "-Owholemodule";
			};
			name = Release;
		};
		CC600CED1D4DEE830058396B /* Debug */ = {
			isa = XCBuildConfiguration;
			buildSettings = {
				ASSETCATALOG_COMPILER_APPICON_NAME = AppIcon;
				COMBINE_HIDPI_IMAGES = YES;
				FRAMEWORK_SEARCH_PATHS = (
					"$(inherited)",
					"$(PROJECT_DIR)",
				);
				INFOPLIST_FILE = "Swift Storyboard Image/Info.plist";
				LD_RUNPATH_SEARCH_PATHS = "$(inherited) @executable_path/../Frameworks";
				PRODUCT_BUNDLE_IDENTIFIER = "com.kuester.Swift-Storyboard-Image";
				PRODUCT_NAME = "Storyboard Image";
				SWIFT_VERSION = 3.0;
			};
			name = Debug;
		};
		CC600CEE1D4DEE830058396B /* Release */ = {
			isa = XCBuildConfiguration;
			buildSettings = {
				ASSETCATALOG_COMPILER_APPICON_NAME = AppIcon;
				COMBINE_HIDPI_IMAGES = YES;
				FRAMEWORK_SEARCH_PATHS = (
					"$(inherited)",
					"$(PROJECT_DIR)",
				);
				INFOPLIST_FILE = "Swift Storyboard Image/Info.plist";
				LD_RUNPATH_SEARCH_PATHS = "$(inherited) @executable_path/../Frameworks";
				PRODUCT_BUNDLE_IDENTIFIER = "com.kuester.Swift-Storyboard-Image";
				PRODUCT_NAME = "Storyboard Image";
				SWIFT_VERSION = 3.0;
			};
			name = Release;
		};
/* End XCBuildConfiguration section */

/* Begin XCConfigurationList section */
		CC600CD81D4DEE820058396B /* Build configuration list for PBXProject "Storyboard Image" */ = {
			isa = XCConfigurationList;
			buildConfigurations = (
				CC600CEA1D4DEE830058396B /* Debug */,
				CC600CEB1D4DEE830058396B /* Release */,
			);
			defaultConfigurationIsVisible = 0;
			defaultConfigurationName = Release;
		};
		CC600CEC1D4DEE830058396B /* Build configuration list for PBXNativeTarget "Storyboard Image" */ = {
			isa = XCConfigurationList;
			buildConfigurations = (
				CC600CED1D4DEE830058396B /* Debug */,
				CC600CEE1D4DEE830058396B /* Release */,
			);
			defaultConfigurationIsVisible = 0;
			defaultConfigurationName = Release;
		};
/* End XCConfigurationList section */
	};
	rootObject = CC600CD51D4DEE820058396B /* Project object */;
}
